
Microsoft Visual Studio Solution File, Format Version 12.00
Project("{FAE04EC0-301F-11D3-BF4B-00C04F79EFBC}") = "RestaurantAPI", "RestaurantAPI\RestaurantAPI.csproj", "{EB4DF4E5-0266-48B6-AAA1-1E1A50764CAD}"
EndProject
Global
	GlobalSection(SolutionConfigurationPlatforms) = preSolution
		Debug|Any CPU = Debug|Any CPU
		Release|Any CPU = Release|Any CPU
	EndGlobalSection
	GlobalSection(ProjectConfigurationPlatforms) = postSolution
		{EB4DF4E5-0266-48B6-AAA1-1E1A50764CAD}.Debug|Any CPU.ActiveCfg = Debug|Any CPU
		{EB4DF4E5-0266-48B6-AAA1-1E1A50764CAD}.Debug|Any CPU.Build.0 = Debug|Any CPU
		{EB4DF4E5-0266-48B6-AAA1-1E1A50764CAD}.Release|Any CPU.ActiveCfg = Release|Any CPU
		{EB4DF4E5-0266-48B6-AAA1-1E1A50764CAD}.Release|Any CPU.Build.0 = Release|Any CPU
	EndGlobalSection
EndGlobal
